
Microsoft Visual Studio Solution File, Format Version 12.00
# Visual Studio Version 17
VisualStudioVersion = 17.14.36414.22 d17.14
MinimumVisualStudioVersion = 10.0.40219.1
Project("{FAE04EC0-301F-11D3-BF4B-00C04F79EFBC}") = "DiagonalDifference", "DiagonalDifference\DiagonalDifference.csproj", "{D60CDB02-428B-4D72-A9CA-B799B3375258}"
EndProject
Project("{FAE04EC0-301F-11D3-BF4B-00C04F79EFBC}") = "PlusMinus", "PlusMinus\PlusMinus.csproj", "{DD457BE9-0097-4F54-AFEA-655E8D63DE9A}"
EndProject
Global
	GlobalSection(SolutionConfigurationPlatforms) = preSolution
		Debug|Any CPU = Debug|Any CPU
		Release|Any CPU = Release|Any CPU
	EndGlobalSection
	GlobalSection(ProjectConfigurationPlatforms) = postSolution
		{D60CDB02-428B-4D72-A9CA-B799B3375258}.Debug|Any CPU.ActiveCfg = Debug|Any CPU
		{D60CDB02-428B-4D72-A9CA-B799B3375258}.Debug|Any CPU.Build.0 = Debug|Any CPU
		{D60CDB02-428B-4D72-A9CA-B799B3375258}.Release|Any CPU.ActiveCfg = Release|Any CPU
		{D60CDB02-428B-4D72-A9CA-B799B3375258}.Release|Any CPU.Build.0 = Release|Any CPU
		{DD457BE9-0097-4F54-AFEA-655E8D63DE9A}.Debug|Any CPU.ActiveCfg = Debug|Any CPU
		{DD457BE9-0097-4F54-AFEA-655E8D63DE9A}.Debug|Any CPU.Build.0 = Debug|Any CPU
		{DD457BE9-0097-4F54-AFEA-655E8D63DE9A}.Release|Any CPU.ActiveCfg = Release|Any CPU
		{DD457BE9-0097-4F54-AFEA-655E8D63DE9A}.Release|Any CPU.Build.0 = Release|Any CPU
	EndGlobalSection
	GlobalSection(SolutionProperties) = preSolution
		HideSolutionNode = FALSE
	EndGlobalSection
	GlobalSection(ExtensibilityGlobals) = postSolution
		SolutionGuid = {C605ED96-674D-43B3-ABF1-58A6752B274B}
	EndGlobalSection
EndGlobal
